// !$*UTF8*$!
{
	archiveVersion = 1;
	classes = {
	};
	objectVersion = 46;
	objects = {

/* Begin PBXBuildFile section */
		B55D5616185A164300E60694 /* Foundation.framework in Frameworks */ = {isa = PBXBuildFile; fileRef = B55D5615185A164300E60694 /* Foundation.framework */; };
		B55D5618185A164300E60694 /* CoreGraphics.framework in Frameworks */ = {isa = PBXBuildFile; fileRef = B55D5617185A164300E60694 /* CoreGraphics.framework */; };
		B55D561A185A164300E60694 /* UIKit.framework in Frameworks */ = {isa = PBXBuildFile; fileRef = B55D5619185A164300E60694 /* UIKit.framework */; };
		B55D5620185A164300E60694 /* InfoPlist.strings in Resources */ = {isa = PBXBuildFile; fileRef = B55D561E185A164300E60694 /* InfoPlist.strings */; };
		B55D5622185A164300E60694 /* main.m in Sources */ = {isa = PBXBuildFile; fileRef = B55D5621185A164300E60694 /* main.m */; };
		B55D5626185A164300E60694 /* AppDelegate.m in Sources */ = {isa = PBXBuildFile; fileRef = B55D5625185A164300E60694 /* AppDelegate.m */; };
		B55D5629185A164300E60694 /* Main.storyboard in Resources */ = {isa = PBXBuildFile; fileRef = B55D5627185A164300E60694 /* Main.storyboard */; };
		B55D562C185A164300E60694 /* ViewController.m in Sources */ = {isa = PBXBuildFile; fileRef = B55D562B185A164300E60694 /* ViewController.m */; };
		B55D562E185A164300E60694 /* Images.xcassets in Resources */ = {isa = PBXBuildFile; fileRef = B55D562D185A164300E60694 /* Images.xcassets */; };
		B55D5635185A164300E60694 /* XCTest.framework in Frameworks */ = {isa = PBXBuildFile; fileRef = B55D5634185A164300E60694 /* XCTest.framework */; };
		B55D5636185A164300E60694 /* Foundation.framework in Frameworks */ = {isa = PBXBuildFile; fileRef = B55D5615185A164300E60694 /* Foundation.framework */; };
		B55D5637185A164300E60694 /* UIKit.framework in Frameworks */ = {isa = PBXBuildFile; fileRef = B55D5619185A164300E60694 /* UIKit.framework */; };
		B55D563F185A164300E60694 /* InfoPlist.strings in Resources */ = {isa = PBXBuildFile; fileRef = B55D563D185A164300E60694 /* InfoPlist.strings */; };
		B55D5641185A164300E60694 /* TheWorldTests.m in Sources */ = {isa = PBXBuildFile; fileRef = B55D5640185A164300E60694 /* TheWorldTests.m */; };
		B55D564B185A17A100E60694 /* SpriteKit.framework in Frameworks */ = {isa = PBXBuildFile; fileRef = B55D564A185A17A100E60694 /* SpriteKit.framework */; };
		B5C75CE2185B2A7600B11164 /* Player.m in Sources */ = {isa = PBXBuildFile; fileRef = B5C75CE1185B2A7600B11164 /* Player.m */; };
		B5C75CE7185B351F00B11164 /* iconWarrior_blue.png in Resources */ = {isa = PBXBuildFile; fileRef = B5C75CE3185B351F00B11164 /* iconWarrior_blue.png */; };
		B5C75CE8185B351F00B11164 /* iconWarrior_green.png in Resources */ = {isa = PBXBuildFile; fileRef = B5C75CE4185B351F00B11164 /* iconWarrior_green.png */; };
		B5C75CE9185B351F00B11164 /* iconWarrior_pink.png in Resources */ = {isa = PBXBuildFile; fileRef = B5C75CE5185B351F00B11164 /* iconWarrior_pink.png */; };
		B5C75CEA185B351F00B11164 /* iconWarrior_red.png in Resources */ = {isa = PBXBuildFile; fileRef = B5C75CE6185B351F00B11164 /* iconWarrior_red.png */; };
		B5C75CEC185B374500B11164 /* lives.png in Resources */ = {isa = PBXBuildFile; fileRef = B5C75CEB185B374500B11164 /* lives.png */; };
		B5C75CEF185B37E900B11164 /* TheWorldScene.m in Sources */ = {isa = PBXBuildFile; fileRef = B5C75CEE185B37E900B11164 /* TheWorldScene.m */; };
		B5CDBC09185A2A05004DB116 /* logo_background.jpg in Resources */ = {isa = PBXBuildFile; fileRef = B5CDBC06185A2A05004DB116 /* logo_background.jpg */; };
		B5CDBC0A185A2A05004DB116 /* logo_background.png in Resources */ = {isa = PBXBuildFile; fileRef = B5CDBC07185A2A05004DB116 /* logo_background.png */; };
		B5CDBC0B185A2A05004DB116 /* logo_head.png in Resources */ = {isa = PBXBuildFile; fileRef = B5CDBC08185A2A05004DB116 /* logo_head.png */; };
		B5CDBC12185A2EBC004DB116 /* MultiplayerLayeredCharacterScene.m in Sources */ = {isa = PBXBuildFile; fileRef = B5CDBC11185A2EBC004DB116 /* MultiplayerLayeredCharacterScene.m */; };
		B5CDBC15185A31AE004DB116 /* ArtificialIntelligence.m in Sources */ = {isa = PBXBuildFile; fileRef = B5CDBC14185A31AE004DB116 /* ArtificialIntelligence.m */; };
		B5CDBC18185A31F4004DB116 /* ParallaxSprite.m in Sources */ = {isa = PBXBuildFile; fileRef = B5CDBC17185A31F4004DB116 /* ParallaxSprite.m */; };
/* End PBXBuildFile section */

/* Begin PBXContainerItemProxy section */
		B55D5638185A164300E60694 /* PBXContainerItemProxy */ = {
			isa = PBXContainerItemProxy;
			containerPortal = B55D560A185A164300E60694 /* Project object */;
			proxyType = 1;
			remoteGlobalIDString = B55D5611185A164300E60694;
			remoteInfo = TheWorld;
		};
/* End PBXContainerItemProxy section */

/* Begin PBXFileReference section */
		B55D5612185A164300E60694 /* TheWorld.app */ = {isa = PBXFileReference; explicitFileType = wrapper.application; includeInIndex = 0; path = TheWorld.app; sourceTree = BUILT_PRODUCTS_DIR; };
		B55D5615185A164300E60694 /* Foundation.framework */ = {isa = PBXFileReference; lastKnownFileType = wrapper.framework; name = Foundation.framework; path = System/Library/Frameworks/Foundation.framework; sourceTree = SDKROOT; };
		B55D5617185A164300E60694 /* CoreGraphics.framework */ = {isa = PBXFileReference; lastKnownFileType = wrapper.framework; name = CoreGraphics.framework; path = System/Library/Frameworks/CoreGraphics.framework; sourceTree = SDKROOT; };
		B55D5619185A164300E60694 /* UIKit.framework */ = {isa = PBXFileReference; lastKnownFileType = wrapper.framework; name = UIKit.framework; path = System/Library/Frameworks/UIKit.framework; sourceTree = SDKROOT; };
		B55D561D185A164300E60694 /* TheWorld-Info.plist */ = {isa = PBXFileReference; lastKnownFileType = text.plist.xml; path = "TheWorld-Info.plist"; sourceTree = "<group>"; };
		B55D561F185A164300E60694 /* en */ = {isa = PBXFileReference; lastKnownFileType = text.plist.strings; name = en; path = en.lproj/InfoPlist.strings; sourceTree = "<group>"; };
		B55D5621185A164300E60694 /* main.m */ = {isa = PBXFileReference; lastKnownFileType = sourcecode.c.objc; path = main.m; sourceTree = "<group>"; };
		B55D5623185A164300E60694 /* TheWorld-Prefix.pch */ = {isa = PBXFileReference; lastKnownFileType = sourcecode.c.h; path = "TheWorld-Prefix.pch"; sourceTree = "<group>"; };
		B55D5624185A164300E60694 /* AppDelegate.h */ = {isa = PBXFileReference; lastKnownFileType = sourcecode.c.h; path = AppDelegate.h; sourceTree = "<group>"; };
		B55D5625185A164300E60694 /* AppDelegate.m */ = {isa = PBXFileReference; lastKnownFileType = sourcecode.c.objc; path = AppDelegate.m; sourceTree = "<group>"; };
		B55D5628185A164300E60694 /* Base */ = {isa = PBXFileReference; lastKnownFileType = file.storyboard; name = Base; path = Base.lproj/Main.storyboard; sourceTree = "<group>"; };
		B55D562A185A164300E60694 /* ViewController.h */ = {isa = PBXFileReference; lastKnownFileType = sourcecode.c.h; path = ViewController.h; sourceTree = "<group>"; };
		B55D562B185A164300E60694 /* ViewController.m */ = {isa = PBXFileReference; lastKnownFileType = sourcecode.c.objc; path = ViewController.m; sourceTree = "<group>"; };
		B55D562D185A164300E60694 /* Images.xcassets */ = {isa = PBXFileReference; lastKnownFileType = folder.assetcatalog; path = Images.xcassets; sourceTree = "<group>"; };
		B55D5633185A164300E60694 /* TheWorldTests.xctest */ = {isa = PBXFileReference; explicitFileType = wrapper.cfbundle; includeInIndex = 0; path = TheWorldTests.xctest; sourceTree = BUILT_PRODUCTS_DIR; };
		B55D5634185A164300E60694 /* XCTest.framework */ = {isa = PBXFileReference; lastKnownFileType = wrapper.framework; name = XCTest.framework; path = Library/Frameworks/XCTest.framework; sourceTree = DEVELOPER_DIR; };
		B55D563C185A164300E60694 /* TheWorldTests-Info.plist */ = {isa = PBXFileReference; lastKnownFileType = text.plist.xml; path = "TheWorldTests-Info.plist"; sourceTree = "<group>"; };
		B55D563E185A164300E60694 /* en */ = {isa = PBXFileReference; lastKnownFileType = text.plist.strings; name = en; path = en.lproj/InfoPlist.strings; sourceTree = "<group>"; };
		B55D5640185A164300E60694 /* TheWorldTests.m */ = {isa = PBXFileReference; lastKnownFileType = sourcecode.c.objc; path = TheWorldTests.m; sourceTree = "<group>"; };
		B55D564A185A17A100E60694 /* SpriteKit.framework */ = {isa = PBXFileReference; lastKnownFileType = wrapper.framework; name = SpriteKit.framework; path = System/Library/Frameworks/SpriteKit.framework; sourceTree = SDKROOT; };
		B5C75CE0185B2A7600B11164 /* Player.h */ = {isa = PBXFileReference; fileEncoding = 4; lastKnownFileType = sourcecode.c.h; path = Player.h; sourceTree = "<group>"; };
		B5C75CE1185B2A7600B11164 /* Player.m */ = {isa = PBXFileReference; fileEncoding = 4; lastKnownFileType = sourcecode.c.objc; path = Player.m; sourceTree = "<group>"; };
		B5C75CE3185B351F00B11164 /* iconWarrior_blue.png */ = {isa = PBXFileReference; lastKnownFileType = image.png; path = iconWarrior_blue.png; sourceTree = "<group>"; };
		B5C75CE4185B351F00B11164 /* iconWarrior_green.png */ = {isa = PBXFileReference; lastKnownFileType = image.png; path = iconWarrior_green.png; sourceTree = "<group>"; };
		B5C75CE5185B351F00B11164 /* iconWarrior_pink.png */ = {isa = PBXFileReference; lastKnownFileType = image.png; path = iconWarrior_pink.png; sourceTree = "<group>"; };
		B5C75CE6185B351F00B11164 /* iconWarrior_red.png */ = {isa = PBXFileReference; lastKnownFileType = image.png; path = iconWarrior_red.png; sourceTree = "<group>"; };
		B5C75CEB185B374500B11164 /* lives.png */ = {isa = PBXFileReference; lastKnownFileType = image.png; path = lives.png; sourceTree = "<group>"; };
		B5C75CED185B37E900B11164 /* TheWorldScene.h */ = {isa = PBXFileReference; fileEncoding = 4; lastKnownFileType = sourcecode.c.h; path = TheWorldScene.h; sourceTree = "<group>"; };
		B5C75CEE185B37E900B11164 /* TheWorldScene.m */ = {isa = PBXFileReference; fileEncoding = 4; lastKnownFileType = sourcecode.c.objc; path = TheWorldScene.m; sourceTree = "<group>"; };
		B5CDBC06185A2A05004DB116 /* logo_background.jpg */ = {isa = PBXFileReference; lastKnownFileType = image.jpeg; path = logo_background.jpg; sourceTree = "<group>"; };
		B5CDBC07185A2A05004DB116 /* logo_background.png */ = {isa = PBXFileReference; lastKnownFileType = image.png; path = logo_background.png; sourceTree = "<group>"; };
		B5CDBC08185A2A05004DB116 /* logo_head.png */ = {isa = PBXFileReference; lastKnownFileType = image.png; path = logo_head.png; sourceTree = "<group>"; };
		B5CDBC10185A2EBC004DB116 /* MultiplayerLayeredCharacterScene.h */ = {isa = PBXFileReference; fileEncoding = 4; lastKnownFileType = sourcecode.c.h; path = MultiplayerLayeredCharacterScene.h; sourceTree = "<group>"; };
		B5CDBC11185A2EBC004DB116 /* MultiplayerLayeredCharacterScene.m */ = {isa = PBXFileReference; fileEncoding = 4; lastKnownFileType = sourcecode.c.objc; path = MultiplayerLayeredCharacterScene.m; sourceTree = "<group>"; };
		B5CDBC13185A31AE004DB116 /* ArtificialIntelligence.h */ = {isa = PBXFileReference; fileEncoding = 4; lastKnownFileType = sourcecode.c.h; path = ArtificialIntelligence.h; sourceTree = "<group>"; };
		B5CDBC14185A31AE004DB116 /* ArtificialIntelligence.m */ = {isa = PBXFileReference; fileEncoding = 4; lastKnownFileType = sourcecode.c.objc; path = ArtificialIntelligence.m; sourceTree = "<group>"; };
		B5CDBC16185A31F4004DB116 /* ParallaxSprite.h */ = {isa = PBXFileReference; fileEncoding = 4; lastKnownFileType = sourcecode.c.h; path = ParallaxSprite.h; sourceTree = "<group>"; };
		B5CDBC17185A31F4004DB116 /* ParallaxSprite.m */ = {isa = PBXFileReference; fileEncoding = 4; lastKnownFileType = sourcecode.c.objc; path = ParallaxSprite.m; sourceTree = "<group>"; };
/* End PBXFileReference section */

/* Begin PBXFrameworksBuildPhase section */
		B55D560F185A164300E60694 /* Frameworks */ = {
			isa = PBXFrameworksBuildPhase;
			buildActionMask = 2147483647;
			files = (
				B55D564B185A17A100E60694 /* SpriteKit.framework in Frameworks */,
				B55D5618185A164300E60694 /* CoreGraphics.framework in Frameworks */,
				B55D561A185A164300E60694 /* UIKit.framework in Frameworks */,
				B55D5616185A164300E60694 /* Foundation.framework in Frameworks */,
			);
			runOnlyForDeploymentPostprocessing = 0;
		};
		B55D5630185A164300E60694 /* Frameworks */ = {
			isa = PBXFrameworksBuildPhase;
			buildActionMask = 2147483647;
			files = (
				B55D5635185A164300E60694 /* XCTest.framework in Frameworks */,
				B55D5637185A164300E60694 /* UIKit.framework in Frameworks */,
				B55D5636185A164300E60694 /* Foundation.framework in Frameworks */,
			);
			runOnlyForDeploymentPostprocessing = 0;
		};
/* End PBXFrameworksBuildPhase section */

/* Begin PBXGroup section */
		B55D5609185A164300E60694 = {
			isa = PBXGroup;
			children = (
				B55D561B185A164300E60694 /* TheWorld */,
				B55D563A185A164300E60694 /* TheWorldTests */,
				B55D5614185A164300E60694 /* Frameworks */,
				B55D5613185A164300E60694 /* Products */,
			);
			sourceTree = "<group>";
		};
		B55D5613185A164300E60694 /* Products */ = {
			isa = PBXGroup;
			children = (
				B55D5612185A164300E60694 /* TheWorld.app */,
				B55D5633185A164300E60694 /* TheWorldTests.xctest */,
			);
			name = Products;
			sourceTree = "<group>";
		};
		B55D5614185A164300E60694 /* Frameworks */ = {
			isa = PBXGroup;
			children = (
				B55D564A185A17A100E60694 /* SpriteKit.framework */,
				B55D5615185A164300E60694 /* Foundation.framework */,
				B55D5617185A164300E60694 /* CoreGraphics.framework */,
				B55D5619185A164300E60694 /* UIKit.framework */,
				B55D5634185A164300E60694 /* XCTest.framework */,
			);
			name = Frameworks;
			sourceTree = "<group>";
		};
		B55D561B185A164300E60694 /* TheWorld */ = {
			isa = PBXGroup;
			children = (
				B5CDBC0C185A2E89004DB116 /* Shared */,
				B55D5624185A164300E60694 /* AppDelegate.h */,
				B55D5625185A164300E60694 /* AppDelegate.m */,
				B55D5627185A164300E60694 /* Main.storyboard */,
				B55D562A185A164300E60694 /* ViewController.h */,
				B55D562B185A164300E60694 /* ViewController.m */,
				B55D562D185A164300E60694 /* Images.xcassets */,
				B5CDBC04185A2A05004DB116 /* Assets */,
				B55D561C185A164300E60694 /* Supporting Files */,
			);
			path = TheWorld;
			sourceTree = "<group>";
		};
		B55D561C185A164300E60694 /* Supporting Files */ = {
			isa = PBXGroup;
			children = (
				B55D561D185A164300E60694 /* TheWorld-Info.plist */,
				B55D561E185A164300E60694 /* InfoPlist.strings */,
				B55D5621185A164300E60694 /* main.m */,
				B55D5623185A164300E60694 /* TheWorld-Prefix.pch */,
			);
			name = "Supporting Files";
			sourceTree = "<group>";
		};
		B55D563A185A164300E60694 /* TheWorldTests */ = {
			isa = PBXGroup;
			children = (
				B55D5640185A164300E60694 /* TheWorldTests.m */,
				B55D563B185A164300E60694 /* Supporting Files */,
			);
			path = TheWorldTests;
			sourceTree = "<group>";
		};
		B55D563B185A164300E60694 /* Supporting Files */ = {
			isa = PBXGroup;
			children = (
				B55D563C185A164300E60694 /* TheWorldTests-Info.plist */,
				B55D563D185A164300E60694 /* InfoPlist.strings */,
			);
			name = "Supporting Files";
			sourceTree = "<group>";
		};
		B5CDBC04185A2A05004DB116 /* Assets */ = {
			isa = PBXGroup;
			children = (
				B5CDBC05185A2A05004DB116 /* UI */,
			);
			path = Assets;
			sourceTree = "<group>";
		};
		B5CDBC05185A2A05004DB116 /* UI */ = {
			isa = PBXGroup;
			children = (
				B5C75CEB185B374500B11164 /* lives.png */,
				B5C75CE3185B351F00B11164 /* iconWarrior_blue.png */,
				B5C75CE4185B351F00B11164 /* iconWarrior_green.png */,
				B5C75CE5185B351F00B11164 /* iconWarrior_pink.png */,
				B5C75CE6185B351F00B11164 /* iconWarrior_red.png */,
				B5CDBC06185A2A05004DB116 /* logo_background.jpg */,
				B5CDBC07185A2A05004DB116 /* logo_background.png */,
				B5CDBC08185A2A05004DB116 /* logo_head.png */,
			);
			path = UI;
			sourceTree = "<group>";
		};
		B5CDBC0C185A2E89004DB116 /* Shared */ = {
			isa = PBXGroup;
			children = (
				B5CDBC0D185A2E89004DB116 /* AI */,
				B5CDBC0E185A2E89004DB116 /* Scene */,
				B5CDBC0F185A2E89004DB116 /* Sprites */,
			);
			path = Shared;
			sourceTree = "<group>";
		};
		B5CDBC0D185A2E89004DB116 /* AI */ = {
			isa = PBXGroup;
			children = (
				B5CDBC13185A31AE004DB116 /* ArtificialIntelligence.h */,
				B5CDBC14185A31AE004DB116 /* ArtificialIntelligence.m */,
			);
			path = AI;
			sourceTree = "<group>";
		};
		B5CDBC0E185A2E89004DB116 /* Scene */ = {
			isa = PBXGroup;
			children = (
				B5CDBC10185A2EBC004DB116 /* MultiplayerLayeredCharacterScene.h */,
				B5CDBC11185A2EBC004DB116 /* MultiplayerLayeredCharacterScene.m */,
				B5C75CE0185B2A7600B11164 /* Player.h */,
				B5C75CE1185B2A7600B11164 /* Player.m */,
				B5C75CED185B37E900B11164 /* TheWorldScene.h */,
				B5C75CEE185B37E900B11164 /* TheWorldScene.m */,
			);
			path = Scene;
			sourceTree = "<group>";
		};
		B5CDBC0F185A2E89004DB116 /* Sprites */ = {
			isa = PBXGroup;
			children = (
				B5CDBC16185A31F4004DB116 /* ParallaxSprite.h */,
				B5CDBC17185A31F4004DB116 /* ParallaxSprite.m */,
			);
			path = Sprites;
			sourceTree = "<group>";
		};
/* End PBXGroup section */

/* Begin PBXNativeTarget section */
		B55D5611185A164300E60694 /* TheWorld */ = {
			isa = PBXNativeTarget;
			buildConfigurationList = B55D5644185A164300E60694 /* Build configuration list for PBXNativeTarget "TheWorld" */;
			buildPhases = (
				B55D560E185A164300E60694 /* Sources */,
				B55D560F185A164300E60694 /* Frameworks */,
				B55D5610185A164300E60694 /* Resources */,
			);
			buildRules = (
			);
			dependencies = (
			);
			name = TheWorld;
			productName = TheWorld;
			productReference = B55D5612185A164300E60694 /* TheWorld.app */;
			productType = "com.apple.product-type.application";
		};
		B55D5632185A164300E60694 /* TheWorldTests */ = {
			isa = PBXNativeTarget;
			buildConfigurationList = B55D5647185A164300E60694 /* Build configuration list for PBXNativeTarget "TheWorldTests" */;
			buildPhases = (
				B55D562F185A164300E60694 /* Sources */,
				B55D5630185A164300E60694 /* Frameworks */,
				B55D5631185A164300E60694 /* Resources */,
			);
			buildRules = (
			);
			dependencies = (
				B55D5639185A164300E60694 /* PBXTargetDependency */,
			);
			name = TheWorldTests;
			productName = TheWorldTests;
			productReference = B55D5633185A164300E60694 /* TheWorldTests.xctest */;
			productType = "com.apple.product-type.bundle.unit-test";
		};
/* End PBXNativeTarget section */

/* Begin PBXProject section */
		B55D560A185A164300E60694 /* Project object */ = {
			isa = PBXProject;
			attributes = {
				LastUpgradeCheck = 0500;
				ORGANIZATIONNAME = neo;
				TargetAttributes = {
					B55D5632185A164300E60694 = {
						TestTargetID = B55D5611185A164300E60694;
					};
				};
			};
			buildConfigurationList = B55D560D185A164300E60694 /* Build configuration list for PBXProject "TheWorld" */;
			compatibilityVersion = "Xcode 3.2";
			developmentRegion = English;
			hasScannedForEncodings = 0;
			knownRegions = (
				en,
				Base,
			);
			mainGroup = B55D5609185A164300E60694;
			productRefGroup = B55D5613185A164300E60694 /* Products */;
			projectDirPath = "";
			projectRoot = "";
			targets = (
				B55D5611185A164300E60694 /* TheWorld */,
				B55D5632185A164300E60694 /* TheWorldTests */,
			);
		};
/* End PBXProject section */

/* Begin PBXResourcesBuildPhase section */
		B55D5610185A164300E60694 /* Resources */ = {
			isa = PBXResourcesBuildPhase;
			buildActionMask = 2147483647;
			files = (
				B55D562E185A164300E60694 /* Images.xcassets in Resources */,
				B55D5620185A164300E60694 /* InfoPlist.strings in Resources */,
				B5C75CE9185B351F00B11164 /* iconWarrior_pink.png in Resources */,
				B5CDBC0B185A2A05004DB116 /* logo_head.png in Resources */,
				B5C75CEC185B374500B11164 /* lives.png in Resources */,
				B5CDBC0A185A2A05004DB116 /* logo_background.png in Resources */,
				B5C75CE7185B351F00B11164 /* iconWarrior_blue.png in Resources */,
				B5CDBC09185A2A05004DB116 /* logo_background.jpg in Resources */,
				B55D5629185A164300E60694 /* Main.storyboard in Resources */,
				B5C75CE8185B351F00B11164 /* iconWarrior_green.png in Resources */,
				B5C75CEA185B351F00B11164 /* iconWarrior_red.png in Resources */,
			);
			runOnlyForDeploymentPostprocessing = 0;
		};
		B55D5631185A164300E60694 /* Resources */ = {
			isa = PBXResourcesBuildPhase;
			buildActionMask = 2147483647;
			files = (
				B55D563F185A164300E60694 /* InfoPlist.strings in Resources */,
			);
			runOnlyForDeploymentPostprocessing = 0;
		};
/* End PBXResourcesBuildPhase section */

/* Begin PBXSourcesBuildPhase section */
		B55D560E185A164300E60694 /* Sources */ = {
			isa = PBXSourcesBuildPhase;
			buildActionMask = 2147483647;
			files = (
				B55D562C185A164300E60694 /* ViewController.m in Sources */,
				B5C75CEF185B37E900B11164 /* TheWorldScene.m in Sources */,
				B5CDBC18185A31F4004DB116 /* ParallaxSprite.m in Sources */,
				B55D5626185A164300E60694 /* AppDelegate.m in Sources */,
				B5CDBC12185A2EBC004DB116 /* MultiplayerLayeredCharacterScene.m in Sources */,
				B5CDBC15185A31AE004DB116 /* ArtificialIntelligence.m in Sources */,
				B5C75CE2185B2A7600B11164 /* Player.m in Sources */,
				B55D5622185A164300E60694 /* main.m in Sources */,
			);
			runOnlyForDeploymentPostprocessing = 0;
		};
		B55D562F185A164300E60694 /* Sources */ = {
			isa = PBXSourcesBuildPhase;
			buildActionMask = 2147483647;
			files = (
				B55D5641185A164300E60694 /* TheWorldTests.m in Sources */,
			);
			runOnlyForDeploymentPostprocessing = 0;
		};
/* End PBXSourcesBuildPhase section */

/* Begin PBXTargetDependency section */
		B55D5639185A164300E60694 /* PBXTargetDependency */ = {
			isa = PBXTargetDependency;
			target = B55D5611185A164300E60694 /* TheWorld */;
			targetProxy = B55D5638185A164300E60694 /* PBXContainerItemProxy */;
		};
/* End PBXTargetDependency section */

/* Begin PBXVariantGroup section */
		B55D561E185A164300E60694 /* InfoPlist.strings */ = {
			isa = PBXVariantGroup;
			children = (
				B55D561F185A164300E60694 /* en */,
			);
			name = InfoPlist.strings;
			sourceTree = "<group>";
		};
		B55D5627185A164300E60694 /* Main.storyboard */ = {
			isa = PBXVariantGroup;
			children = (
				B55D5628185A164300E60694 /* Base */,
			);
			name = Main.storyboard;
			sourceTree = "<group>";
		};
		B55D563D185A164300E60694 /* InfoPlist.strings */ = {
			isa = PBXVariantGroup;
			children = (
				B55D563E185A164300E60694 /* en */,
			);
			name = InfoPlist.strings;
			sourceTree = "<group>";
		};
/* End PBXVariantGroup section */

/* Begin XCBuildConfiguration section */
		B55D5642185A164300E60694 /* Debug */ = {
			isa = XCBuildConfiguration;
			buildSettings = {
				ALWAYS_SEARCH_USER_PATHS = NO;
				ARCHS = "$(ARCHS_STANDARD_INCLUDING_64_BIT)";
				CLANG_CXX_LANGUAGE_STANDARD = "gnu++0x";
				CLANG_CXX_LIBRARY = "libc++";
				CLANG_ENABLE_MODULES = YES;
				CLANG_ENABLE_OBJC_ARC = YES;
				CLANG_WARN_BOOL_CONVERSION = YES;
				CLANG_WARN_CONSTANT_CONVERSION = YES;
				CLANG_WARN_DIRECT_OBJC_ISA_USAGE = YES_ERROR;
				CLANG_WARN_EMPTY_BODY = YES;
				CLANG_WARN_ENUM_CONVERSION = YES;
				CLANG_WARN_INT_CONVERSION = YES;
				CLANG_WARN_OBJC_ROOT_CLASS = YES_ERROR;
				CLANG_WARN__DUPLICATE_METHOD_MATCH = YES;
				"CODE_SIGN_IDENTITY[sdk=iphoneos*]" = "iPhone Developer";
				COPY_PHASE_STRIP = NO;
				GCC_C_LANGUAGE_STANDARD = gnu99;
				GCC_DYNAMIC_NO_PIC = NO;
				GCC_OPTIMIZATION_LEVEL = 0;
				GCC_PREPROCESSOR_DEFINITIONS = (
					"DEBUG=1",
					"$(inherited)",
				);
				GCC_SYMBOLS_PRIVATE_EXTERN = NO;
				GCC_WARN_64_TO_32_BIT_CONVERSION = YES;
				GCC_WARN_ABOUT_RETURN_TYPE = YES_ERROR;
				GCC_WARN_UNDECLARED_SELECTOR = YES;
				GCC_WARN_UNINITIALIZED_AUTOS = YES;
				GCC_WARN_UNUSED_FUNCTION = YES;
				GCC_WARN_UNUSED_VARIABLE = YES;
				IPHONEOS_DEPLOYMENT_TARGET = 7.0;
				ONLY_ACTIVE_ARCH = YES;
				SDKROOT = iphoneos;
			};
			name = Debug;
		};
		B55D5643185A164300E60694 /* Release */ = {
			isa = XCBuildConfiguration;
			buildSettings = {
				ALWAYS_SEARCH_USER_PATHS = NO;
				ARCHS = "$(ARCHS_STANDARD_INCLUDING_64_BIT)";
				CLANG_CXX_LANGUAGE_STANDARD = "gnu++0x";
				CLANG_CXX_LIBRARY = "libc++";
				CLANG_ENABLE_MODULES = YES;
				CLANG_ENABLE_OBJC_ARC = YES;
				CLANG_WARN_BOOL_CONVERSION = YES;
				CLANG_WARN_CONSTANT_CONVERSION = YES;
				CLANG_WARN_DIRECT_OBJC_ISA_USAGE = YES_ERROR;
				CLANG_WARN_EMPTY_BODY = YES;
				CLANG_WARN_ENUM_CONVERSION = YES;
				CLANG_WARN_INT_CONVERSION = YES;
				CLANG_WARN_OBJC_ROOT_CLASS = YES_ERROR;
				CLANG_WARN__DUPLICATE_METHOD_MATCH = YES;
				"CODE_SIGN_IDENTITY[sdk=iphoneos*]" = "iPhone Developer";
				COPY_PHASE_STRIP = YES;
				ENABLE_NS_ASSERTIONS = NO;
				GCC_C_LANGUAGE_STANDARD = gnu99;
				GCC_WARN_64_TO_32_BIT_CONVERSION = YES;
				GCC_WARN_ABOUT_RETURN_TYPE = YES_ERROR;
				GCC_WARN_UNDECLARED_SELECTOR = YES;
				GCC_WARN_UNINITIALIZED_AUTOS = YES;
				GCC_WARN_UNUSED_FUNCTION = YES;
				GCC_WARN_UNUSED_VARIABLE = YES;
				IPHONEOS_DEPLOYMENT_TARGET = 7.0;
				SDKROOT = iphoneos;
				VALIDATE_PRODUCT = YES;
			};
			name = Release;
		};
		B55D5645185A164300E60694 /* Debug */ = {
			isa = XCBuildConfiguration;
			buildSettings = {
				ASSETCATALOG_COMPILER_APPICON_NAME = AppIcon;
				ASSETCATALOG_COMPILER_LAUNCHIMAGE_NAME = LaunchImage;
				GCC_PRECOMPILE_PREFIX_HEADER = YES;
				GCC_PREFIX_HEADER = "TheWorld/TheWorld-Prefix.pch";
				INFOPLIST_FILE = "TheWorld/TheWorld-Info.plist";
				PRODUCT_NAME = "$(TARGET_NAME)";
				WRAPPER_EXTENSION = app;
			};
			name = Debug;
		};
		B55D5646185A164300E60694 /* Release */ = {
			isa = XCBuildConfiguration;
			buildSettings = {
				ASSETCATALOG_COMPILER_APPICON_NAME = AppIcon;
				ASSETCATALOG_COMPILER_LAUNCHIMAGE_NAME = LaunchImage;
				GCC_PRECOMPILE_PREFIX_HEADER = YES;
				GCC_PREFIX_HEADER = "TheWorld/TheWorld-Prefix.pch";
				INFOPLIST_FILE = "TheWorld/TheWorld-Info.plist";
				PRODUCT_NAME = "$(TARGET_NAME)";
				WRAPPER_EXTENSION = app;
			};
			name = Release;
		};
		B55D5648185A164300E60694 /* Debug */ = {
			isa = XCBuildConfiguration;
			buildSettings = {
				ARCHS = "$(ARCHS_STANDARD_INCLUDING_64_BIT)";
				BUNDLE_LOADER = "$(BUILT_PRODUCTS_DIR)/TheWorld.app/TheWorld";
				FRAMEWORK_SEARCH_PATHS = (
					"$(SDKROOT)/Developer/Library/Frameworks",
					"$(inherited)",
					"$(DEVELOPER_FRAMEWORKS_DIR)",
				);
				GCC_PRECOMPILE_PREFIX_HEADER = YES;
				GCC_PREFIX_HEADER = "TheWorld/TheWorld-Prefix.pch";
				GCC_PREPROCESSOR_DEFINITIONS = (
					"DEBUG=1",
					"$(inherited)",
				);
				INFOPLIST_FILE = "TheWorldTests/TheWorldTests-Info.plist";
				PRODUCT_NAME = "$(TARGET_NAME)";
				TEST_HOST = "$(BUNDLE_LOADER)";
				WRAPPER_EXTENSION = xctest;
			};
			name = Debug;
		};
		B55D5649185A164300E60694 /* Release */ = {
			isa = XCBuildConfiguration;
			buildSettings = {
				ARCHS = "$(ARCHS_STANDARD_INCLUDING_64_BIT)";
				BUNDLE_LOADER = "$(BUILT_PRODUCTS_DIR)/TheWorld.app/TheWorld";
				FRAMEWORK_SEARCH_PATHS = (
					"$(SDKROOT)/Developer/Library/Frameworks",
					"$(inherited)",
					"$(DEVELOPER_FRAMEWORKS_DIR)",
				);
				GCC_PRECOMPILE_PREFIX_HEADER = YES;
				GCC_PREFIX_HEADER = "TheWorld/TheWorld-Prefix.pch";
				INFOPLIST_FILE = "TheWorldTests/TheWorldTests-Info.plist";
				PRODUCT_NAME = "$(TARGET_NAME)";
				TEST_HOST = "$(BUNDLE_LOADER)";
				WRAPPER_EXTENSION = xctest;
			};
			name = Release;
		};
/* End XCBuildConfiguration section */

/* Begin XCConfigurationList section */
		B55D560D185A164300E60694 /* Build configuration list for PBXProject "TheWorld" */ = {
			isa = XCConfigurationList;
			buildConfigurations = (
				B55D5642185A164300E60694 /* Debug */,
				B55D5643185A164300E60694 /* Release */,
			);
			defaultConfigurationIsVisible = 0;
			defaultConfigurationName = Release;
		};
		B55D5644185A164300E60694 /* Build configuration list for PBXNativeTarget "TheWorld" */ = {
			isa = XCConfigurationList;
			buildConfigurations = (
				B55D5645185A164300E60694 /* Debug */,
				B55D5646185A164300E60694 /* Release */,
			);
			defaultConfigurationIsVisible = 0;
			defaultConfigurationName = Release;
		};
		B55D5647185A164300E60694 /* Build configuration list for PBXNativeTarget "TheWorldTests" */ = {
			isa = XCConfigurationList;
			buildConfigurations = (
				B55D5648185A164300E60694 /* Debug */,
				B55D5649185A164300E60694 /* Release */,
			);
			defaultConfigurationIsVisible = 0;
			defaultConfigurationName = Release;
		};
/* End XCConfigurationList section */
	};
	rootObject = B55D560A185A164300E60694 /* Project object */;
}
